
Microsoft Visual Studio Solution File, Format Version 12.00
# Visual Studio Version 17
VisualStudioVersion = 17.0.31903.59
MinimumVisualStudioVersion = 10.0.40219.1
Project("{FAE04EC0-301F-11D3-BF4B-00C04F79EFBC}") = "prueba2022", "prueba2022\prueba2022.csproj", "{CAC3768C-16FE-4EAF-9F25-D85533300460}"
EndProject
Global
	GlobalSection(SolutionConfigurationPlatforms) = preSolution
		Debug|Any CPU = Debug|Any CPU
		Release|Any CPU = Release|Any CPU
	EndGlobalSection
	GlobalSection(ProjectConfigurationPlatforms) = postSolution
		{CAC3768C-16FE-4EAF-9F25-D85533300460}.Debug|Any CPU.ActiveCfg = Debug|Any CPU
		{CAC3768C-16FE-4EAF-9F25-D85533300460}.Debug|Any CPU.Build.0 = Debug|Any CPU
		{CAC3768C-16FE-4EAF-9F25-D85533300460}.Release|Any CPU.ActiveCfg = Release|Any CPU
		{CAC3768C-16FE-4EAF-9F25-D85533300460}.Release|Any CPU.Build.0 = Release|Any CPU
	EndGlobalSection
	GlobalSection(SolutionProperties) = preSolution
		HideSolutionNode = FALSE
	EndGlobalSection
	GlobalSection(ExtensibilityGlobals) = postSolution
		SolutionGuid = {1BBDF6F6-2575-471F-9990-0FB8B420BFBF}
	EndGlobalSection
EndGlobal
